{
    "_meta": {
        "hash": {
            "sha256": "daafd9f224b5406d821646d596e134948100ba6b663bc7fc39157db15c4ac85d"
        },
        "pipfile-spec": 6,
        "requires": {
            "python_version": "3.10"
        },
        "sources": [
            {
                "name": "pypi",
                "url": "https://pypi.org/simple",
                "verify_ssl": true
            }
        ]
    },
    "default": {
        "colorama": {
            "hashes": [
                "sha256:08695f5cb7ed6e0531a20572697297273c47b8cae5a63ffc6d6ed5c201be6e44",
                "sha256:4f1d9991f5acc0ca119f9d443620b77f9d6b33703e51011c16baf57afb285fc6"
            ],
            "index": "pypi",
            "version": "==0.4.6"
        },
        "pika": {
            "hashes": [
                "sha256:89f5e606646caebe3c00cbdbc4c2c609834adde45d7507311807b5775edac8e0",
                "sha256:beb19ff6dd1547f99a29acc2c6987ebb2ba7c44bf44a3f8e305877c5ef7d2fdc"
            ],
            "index": "pypi",
            "version": "==1.3.1"
        }
    },
    "develop": {}
}
